{
    "_readme": [
        "This file locks the dependencies of your project to a known state",
        "Read more about it at https://getcomposer.org/doc/01-basic-usage.md#installing-dependencies",
        "This file is @generated automatically"
    ],
    "content-hash": "461dca01c25ef65e199134ccf375b8ff",
    "packages": [
        {
            "name": "brain/hierarchy",
            "version": "2.4.0",
            "source": {
                "type": "git",
                "url": "https://github.com/Brain-WP/Hierarchy.git",
                "reference": "d0970df66ca36c8a86115401462800d2fe206fd9"
            },
            "dist": {
                "type": "zip",
                "url": "https://api.github.com/repos/Brain-WP/Hierarchy/zipball/d0970df66ca36c8a86115401462800d2fe206fd9",
                "reference": "d0970df66ca36c8a86115401462800d2fe206fd9",
                "shasum": ""
            },
            "require": {
                "php": ">=5.5"
            },
            "require-dev": {
                "antecedent/patchwork": "~1.3.0",
                "brain/monkey": "~1.2",
                "gmazzap/andrew": "~1.0",
                "mockery/mockery": "0.9.3",
                "phpunit/phpunit": "~4.8",
                "symfony/finder": "~2.7.0"
            },
            "suggest": {
                "symfony/finder": "Allows loading of templates using Symfony finder component."
            },
            "type": "library",
            "extra": {
                "branch-alias": {
                    "dev-master": "1.2.x-dev",
                    "dev-dev": "2.0.x-dev"
                }
            },
            "autoload": {
                "psr-4": {
                    "Brain\\Hierarchy\\": "src/"
                }
            },
            "notification-url": "https://packagist.org/downloads/",
            "license": [
                "MIT"
            ],
            "authors": [
                {
                    "name": "Giuseppe Mazzapica",
                    "email": "giuseppe.mazzapica@gmail.com"
                }
            ],
            "description": "No-dependencies package that embodies WordPress template hierarchy",
            "keywords": [
                "wordpress"
            ],
            "time": "2018-11-02T07:14:19+00:00"
        },
        {
            "name": "composer/installers",
            "version": "v1.7.0",
            "source": {
                "type": "git",
                "url": "https://github.com/composer/installers.git",
                "reference": "141b272484481432cda342727a427dc1e206bfa0"
            },
            "dist": {
                "type": "zip",
                "url": "https://api.github.com/repos/composer/installers/zipball/141b272484481432cda342727a427dc1e206bfa0",
                "reference": "141b272484481432cda342727a427dc1e206bfa0",
                "shasum": ""
            },
            "require": {
                "composer-plugin-api": "^1.0"
            },
            "replace": {
                "roundcube/plugin-installer": "*",
                "shama/baton": "*"
            },
            "require-dev": {
                "composer/composer": "1.0.*@dev",
                "phpunit/phpunit": "^4.8.36"
            },
            "type": "composer-plugin",
            "extra": {
                "class": "Composer\\Installers\\Plugin",
                "branch-alias": {
                    "dev-master": "1.0-dev"
                }
            },
            "autoload": {
                "psr-4": {
                    "Composer\\Installers\\": "src/Composer/Installers"
                }
            },
            "notification-url": "https://packagist.org/downloads/",
            "license": [
                "MIT"
            ],
            "authors": [
                {
                    "name": "Kyle Robinson Young",
                    "email": "kyle@dontkry.com",
                    "homepage": "https://github.com/shama"
                }
            ],
            "description": "A multi-framework Composer library installer",
            "homepage": "https://composer.github.io/installers/",
            "keywords": [
                "Craft",
                "Dolibarr",
                "Eliasis",
                "Hurad",
                "ImageCMS",
                "Kanboard",
                "Lan Management System",
                "MODX Evo",
                "Mautic",
                "Maya",
                "OXID",
                "Plentymarkets",
                "Porto",
                "RadPHP",
                "SMF",
                "Thelia",
                "Whmcs",
                "WolfCMS",
                "agl",
                "aimeos",
                "annotatecms",
                "attogram",
                "bitrix",
                "cakephp",
                "chef",
                "cockpit",
                "codeigniter",
                "concrete5",
                "croogo",
                "dokuwiki",
                "drupal",
                "eZ Platform",
                "elgg",
                "expressionengine",
                "fuelphp",
                "grav",
                "installer",
                "itop",
                "joomla",
                "known",
                "kohana",
                "laravel",
                "lavalite",
                "lithium",
                "magento",
                "majima",
                "mako",
                "mediawiki",
                "modulework",
                "modx",
                "moodle",
                "osclass",
                "phpbb",
                "piwik",
                "ppi",
                "puppet",
                "pxcms",
                "reindex",
                "roundcube",
                "shopware",
                "silverstripe",
                "sydes",
                "symfony",
                "typo3",
                "wordpress",
                "yawik",
                "zend",
                "zikula"
            ],
            "time": "2019-08-12T15:00:31+00:00"
        },
        {
            "name": "doctrine/inflector",
            "version": "v1.3.0",
            "source": {
                "type": "git",
                "url": "https://github.com/doctrine/inflector.git",
                "reference": "5527a48b7313d15261292c149e55e26eae771b0a"
            },
            "dist": {
                "type": "zip",
                "url": "https://api.github.com/repos/doctrine/inflector/zipball/5527a48b7313d15261292c149e55e26eae771b0a",
                "reference": "5527a48b7313d15261292c149e55e26eae771b0a",
                "shasum": ""
            },
            "require": {
                "php": "^7.1"
            },
            "require-dev": {
                "phpunit/phpunit": "^6.2"
            },
            "type": "library",
            "extra": {
                "branch-alias": {
                    "dev-master": "1.3.x-dev"
                }
            },
            "autoload": {
                "psr-4": {
                    "Doctrine\\Common\\Inflector\\": "lib/Doctrine/Common/Inflector"
                }
            },
            "notification-url": "https://packagist.org/downloads/",
            "license": [
                "MIT"
            ],
            "authors": [
                {
                    "name": "Roman Borschel",
                    "email": "roman@code-factory.org"
                },
                {
                    "name": "Benjamin Eberlei",
                    "email": "kontakt@beberlei.de"
                },
                {
                    "name": "Guilherme Blanco",
                    "email": "guilhermeblanco@gmail.com"
                },
                {
                    "name": "Jonathan Wage",
                    "email": "jonwage@gmail.com"
                },
                {
                    "name": "Johannes Schmitt",
                    "email": "schmittjoh@gmail.com"
                }
            ],
            "description": "Common String Manipulations with regard to casing and singular/plural rules.",
            "homepage": "http://www.doctrine-project.org",
            "keywords": [
                "inflection",
                "pluralize",
                "singularize",
                "string"
            ],
            "time": "2018-01-09T20:05:19+00:00"
        },
        {
            "name": "duncan3dc/blade",
            "version": "4.7.0",
            "source": {
                "type": "git",
                "url": "https://github.com/duncan3dc/blade.git",
                "reference": "6975422f730976128b045d1417281d5773df0416"
            },
            "dist": {
                "type": "zip",
                "url": "https://api.github.com/repos/duncan3dc/blade/zipball/6975422f730976128b045d1417281d5773df0416",
                "reference": "6975422f730976128b045d1417281d5773df0416",
                "shasum": ""
            },
            "require": {
                "illuminate/contracts": "^6.0",
                "illuminate/events": "^6.0",
                "illuminate/filesystem": "^6.0",
                "illuminate/view": "^6.0",
                "php": "^7.2"
            },
            "require-dev": {
                "duncan3dc/object-intruder": "^0.3.0",
                "maglnet/composer-require-checker": "^2.0",
                "mockery/mockery": "^1.2",
                "phpstan/phpstan": "^0.11",
                "phpstan/phpstan-mockery": "^0.11",
                "phpstan/phpstan-phpunit": "^0.11",
                "phpunit/phpunit": "^8.3",
                "squizlabs/php_codesniffer": "^3.4"
            },
            "type": "library",
            "autoload": {
                "psr-4": {
                    "duncan3dc\\Laravel\\": "src/"
                }
            },
            "notification-url": "https://packagist.org/downloads/",
            "license": [
                "Apache-2.0"
            ],
            "authors": [
                {
                    "name": "Craig Duncan",
                    "email": "git@duncanc.co.uk",
                    "homepage": "https://github.com/duncan3dc",
                    "role": "Developer"
                }
            ],
            "description": "Use Laravel Blade templates without the full Laravel framework",
            "homepage": "https://github.com/duncan3dc/blade",
            "keywords": [
                "laravel",
                "template",
                "templating",
                "views"
            ],
            "time": "2019-09-05T21:38:43+00:00"
        },
        {
            "name": "illuminate/container",
            "version": "v6.1.0",
            "source": {
                "type": "git",
                "url": "https://github.com/illuminate/container.git",
                "reference": "d6d53581d463072538a96445e135ba86b49eb403"
            },
            "dist": {
                "type": "zip",
                "url": "https://api.github.com/repos/illuminate/container/zipball/d6d53581d463072538a96445e135ba86b49eb403",
                "reference": "d6d53581d463072538a96445e135ba86b49eb403",
                "shasum": ""
            },
            "require": {
                "illuminate/contracts": "^6.0",
                "illuminate/support": "^6.0",
                "php": "^7.2",
                "psr/container": "^1.0"
            },
            "type": "library",
            "extra": {
                "branch-alias": {
                    "dev-master": "6.0-dev"
                }
            },
            "autoload": {
                "psr-4": {
                    "Illuminate\\Container\\": ""
                }
            },
            "notification-url": "https://packagist.org/downloads/",
            "license": [
                "MIT"
            ],
            "authors": [
                {
                    "name": "Taylor Otwell",
                    "email": "taylor@laravel.com"
                }
            ],
            "description": "The Illuminate Container package.",
            "homepage": "https://laravel.com",
            "time": "2019-09-11T20:47:02+00:00"
        },
        {
            "name": "illuminate/contracts",
            "version": "v6.1.0",
            "source": {
                "type": "git",
                "url": "https://github.com/illuminate/contracts.git",
                "reference": "403b24e356346c1cd13ad794d87ec7c57a5363bb"
            },
            "dist": {
                "type": "zip",
                "url": "https://api.github.com/repos/illuminate/contracts/zipball/403b24e356346c1cd13ad794d87ec7c57a5363bb",
                "reference": "403b24e356346c1cd13ad794d87ec7c57a5363bb",
                "shasum": ""
            },
            "require": {
                "php": "^7.2",
                "psr/container": "^1.0",
                "psr/simple-cache": "^1.0"
            },
            "type": "library",
            "extra": {
                "branch-alias": {
                    "dev-master": "6.0-dev"
                }
            },
            "autoload": {
                "psr-4": {
                    "Illuminate\\Contracts\\": ""
                }
            },
            "notification-url": "https://packagist.org/downloads/",
            "license": [
                "MIT"
            ],
            "authors": [
                {
                    "name": "Taylor Otwell",
                    "email": "taylor@laravel.com"
                }
            ],
            "description": "The Illuminate Contracts package.",
            "homepage": "https://laravel.com",
            "time": "2019-09-18T12:32:21+00:00"
        },
        {
            "name": "illuminate/events",
            "version": "v6.1.0",
            "source": {
                "type": "git",
                "url": "https://github.com/illuminate/events.git",
                "reference": "3762761daa6e53305d361a98c927c76b2d3d2108"
            },
            "dist": {
                "type": "zip",
                "url": "https://api.github.com/repos/illuminate/events/zipball/3762761daa6e53305d361a98c927c76b2d3d2108",
                "reference": "3762761daa6e53305d361a98c927c76b2d3d2108",
                "shasum": ""
            },
            "require": {
                "illuminate/container": "^6.0",
                "illuminate/contracts": "^6.0",
                "illuminate/support": "^6.0",
                "php": "^7.2"
            },
            "type": "library",
            "extra": {
                "branch-alias": {
                    "dev-master": "6.0-dev"
                }
            },
            "autoload": {
                "psr-4": {
                    "Illuminate\\Events\\": ""
                }
            },
            "notification-url": "https://packagist.org/downloads/",
            "license": [
                "MIT"
            ],
            "authors": [
                {
                    "name": "Taylor Otwell",
                    "email": "taylor@laravel.com"
                }
            ],
            "description": "The Illuminate Events package.",
            "homepage": "https://laravel.com",
            "time": "2019-09-10T15:16:05+00:00"
        },
        {
            "name": "illuminate/filesystem",
            "version": "v6.1.0",
            "source": {
                "type": "git",
                "url": "https://github.com/illuminate/filesystem.git",
                "reference": "bf9ad9d72ae379efaa307cac9d092586b5c646c9"
            },
            "dist": {
                "type": "zip",
                "url": "https://api.github.com/repos/illuminate/filesystem/zipball/bf9ad9d72ae379efaa307cac9d092586b5c646c9",
                "reference": "bf9ad9d72ae379efaa307cac9d092586b5c646c9",
                "shasum": ""
            },
            "require": {
                "illuminate/contracts": "^6.0",
                "illuminate/support": "^6.0",
                "php": "^7.2",
                "symfony/finder": "^4.3.4"
            },
            "suggest": {
                "league/flysystem": "Required to use the Flysystem local and FTP drivers (^1.0).",
                "league/flysystem-aws-s3-v3": "Required to use the Flysystem S3 driver (^1.0).",
                "league/flysystem-cached-adapter": "Required to use the Flysystem cache (^1.0).",
                "league/flysystem-sftp": "Required to use the Flysystem SFTP driver (^1.0)."
            },
            "type": "library",
            "extra": {
                "branch-alias": {
                    "dev-master": "6.0-dev"
                }
            },
            "autoload": {
                "psr-4": {
                    "Illuminate\\Filesystem\\": ""
                }
            },
            "notification-url": "https://packagist.org/downloads/",
            "license": [
                "MIT"
            ],
            "authors": [
                {
                    "name": "Taylor Otwell",
                    "email": "taylor@laravel.com"
                }
            ],
            "description": "The Illuminate Filesystem package.",
            "homepage": "https://laravel.com",
            "time": "2019-09-10T15:16:05+00:00"
        },
        {
            "name": "illuminate/support",
            "version": "v6.1.0",
            "source": {
                "type": "git",
                "url": "https://github.com/illuminate/support.git",
                "reference": "db160b42dce40ca73f12e8a7ccd227b4e242df10"
            },
            "dist": {
                "type": "zip",
                "url": "https://api.github.com/repos/illuminate/support/zipball/db160b42dce40ca73f12e8a7ccd227b4e242df10",
                "reference": "db160b42dce40ca73f12e8a7ccd227b4e242df10",
                "shasum": ""
            },
            "require": {
                "doctrine/inflector": "^1.1",
                "ext-json": "*",
                "ext-mbstring": "*",
                "illuminate/contracts": "^6.0",
                "nesbot/carbon": "^2.0",
                "php": "^7.2"
            },
            "conflict": {
                "tightenco/collect": "<5.5.33"
            },
            "suggest": {
                "illuminate/filesystem": "Required to use the composer class (^6.0).",
                "moontoast/math": "Required to use ordered UUIDs (^1.1).",
                "ramsey/uuid": "Required to use Str::uuid() (^3.7).",
                "symfony/process": "Required to use the composer class (^4.3.4).",
                "symfony/var-dumper": "Required to use the dd function (^4.3.4).",
                "vlucas/phpdotenv": "Required to use the Env class and env helper (^3.3)."
            },
            "type": "library",
            "extra": {
                "branch-alias": {
                    "dev-master": "6.0-dev"
                }
            },
            "autoload": {
                "psr-4": {
                    "Illuminate\\Support\\": ""
                },
                "files": [
                    "helpers.php"
                ]
            },
            "notification-url": "https://packagist.org/downloads/",
            "license": [
                "MIT"
            ],
            "authors": [
                {
                    "name": "Taylor Otwell",
                    "email": "taylor@laravel.com"
                }
            ],
            "description": "The Illuminate Support package.",
            "homepage": "https://laravel.com",
            "time": "2019-09-30T12:55:23+00:00"
        },
        {
            "name": "illuminate/view",
            "version": "v6.1.0",
            "source": {
                "type": "git",
                "url": "https://github.com/illuminate/view.git",
                "reference": "727708a3904921be0e3b63500d317a8f2eff1575"
            },
            "dist": {
                "type": "zip",
                "url": "https://api.github.com/repos/illuminate/view/zipball/727708a3904921be0e3b63500d317a8f2eff1575",
                "reference": "727708a3904921be0e3b63500d317a8f2eff1575",
                "shasum": ""
            },
            "require": {
                "ext-json": "*",
                "illuminate/container": "^6.0",
                "illuminate/contracts": "^6.0",
                "illuminate/events": "^6.0",
                "illuminate/filesystem": "^6.0",
                "illuminate/support": "^6.0",
                "php": "^7.2",
                "symfony/debug": "^4.3.4"
            },
            "type": "library",
            "extra": {
                "branch-alias": {
                    "dev-master": "6.0-dev"
                }
            },
            "autoload": {
                "psr-4": {
                    "Illuminate\\View\\": ""
                }
            },
            "notification-url": "https://packagist.org/downloads/",
            "license": [
                "MIT"
            ],
            "authors": [
                {
                    "name": "Taylor Otwell",
                    "email": "taylor@laravel.com"
                }
            ],
            "description": "The Illuminate View package.",
            "homepage": "https://laravel.com",
            "time": "2019-09-10T15:16:05+00:00"
        },
        {
            "name": "marcwiest/primera-package",
            "version": "dev-master",
            "source": {
                "type": "git",
                "url": "https://github.com/marcwiest/primera-package.git",
                "reference": "167f34096d380db2797c56a950d2ac764ec22746"
            },
            "dist": {
                "type": "zip",
                "url": "https://api.github.com/repos/marcwiest/primera-package/zipball/167f34096d380db2797c56a950d2ac764ec22746",
                "reference": "167f34096d380db2797c56a950d2ac764ec22746",
                "shasum": ""
            },
            "require": {
                "brain/hierarchy": "^2.4",
                "duncan3dc/blade": "^4.7",
                "nothingworks/blade-svg": "^0.3.2",
                "php": "^7.2",
                "soberwp/controller": "^2.1",
                "spatie/laravel-blade-x": "^2.3"
            },
            "type": "package",
            "autoload": {
                "psr-4": {
                    "Primera\\": "src/"
                },
                "files": [
                    "index.php"
                ]
            },
            "notification-url": "https://packagist.org/downloads/",
            "license": [
                "MIT"
            ],
            "authors": [
                {
                    "name": "Marc Wiest",
                    "email": "marc@marcwiest.com"
                }
            ],
            "description": "The package of the Primera WordPress theme.",
            "keywords": [
                "blade",
                "wordpress",
                "wp"
            ],
            "time": "2019-10-07T10:03:59+00:00"
        },
        {
            "name": "nesbot/carbon",
            "version": "2.25.1",
            "source": {
                "type": "git",
                "url": "https://github.com/briannesbitt/Carbon.git",
                "reference": "d59c6cea9c4a3547bb6c0dfec451319abdaa4fb1"
            },
            "dist": {
                "type": "zip",
                "url": "https://api.github.com/repos/briannesbitt/Carbon/zipball/d59c6cea9c4a3547bb6c0dfec451319abdaa4fb1",
                "reference": "d59c6cea9c4a3547bb6c0dfec451319abdaa4fb1",
                "shasum": ""
            },
            "require": {
                "ext-json": "*",
                "php": "^7.1.8 || ^8.0",
                "symfony/translation": "^3.4 || ^4.0"
            },
            "require-dev": {
                "friendsofphp/php-cs-fixer": "^2.14 || ^3.0",
                "kylekatarnls/multi-tester": "^1.1",
                "phpmd/phpmd": "dev-php-7.1-compatibility",
                "phpstan/phpstan": "^0.11",
                "phpunit/phpunit": "^7.5 || ^8.0",
                "squizlabs/php_codesniffer": "^3.4"
            },
            "bin": [
                "bin/carbon"
            ],
            "type": "library",
            "extra": {
                "laravel": {
                    "providers": [
                        "Carbon\\Laravel\\ServiceProvider"
                    ]
                }
            },
            "autoload": {
                "psr-4": {
                    "Carbon\\": "src/Carbon/"
                }
            },
            "notification-url": "https://packagist.org/downloads/",
            "license": [
                "MIT"
            ],
            "authors": [
                {
                    "name": "Brian Nesbitt",
                    "email": "brian@nesbot.com",
                    "homepage": "http://nesbot.com"
                },
                {
                    "name": "kylekatarnls",
                    "homepage": "http://github.com/kylekatarnls"
                }
            ],
            "description": "An API extension for DateTime that supports 281 different languages.",
            "homepage": "http://carbon.nesbot.com",
            "keywords": [
                "date",
                "datetime",
                "time"
            ],
            "time": "2019-10-05T15:52:23+00:00"
        },
        {
            "name": "nothingworks/blade-svg",
            "version": "v0.3.2",
            "source": {
                "type": "git",
                "url": "https://github.com/adamwathan/blade-svg.git",
                "reference": "5ed76bbff36a3d0025c7ee8ea1e260c3e2bc1671"
            },
            "dist": {
                "type": "zip",
                "url": "https://api.github.com/repos/adamwathan/blade-svg/zipball/5ed76bbff36a3d0025c7ee8ea1e260c3e2bc1671",
                "reference": "5ed76bbff36a3d0025c7ee8ea1e260c3e2bc1671",
                "shasum": ""
            },
            "require": {
                "illuminate/filesystem": "^5.3|^6.0",
                "illuminate/support": "^5.3|^6.0"
            },
            "require-dev": {
                "mockery/mockery": "^0.9.5",
                "phpunit/phpunit": "^5.5"
            },
            "type": "library",
            "extra": {
                "laravel": {
                    "providers": [
                        "BladeSvg\\BladeSvgServiceProvider"
                    ]
                }
            },
            "autoload": {
                "psr-4": {
                    "BladeSvg\\": "src/"
                },
                "files": [
                    "src/helpers.php"
                ]
            },
            "notification-url": "https://packagist.org/downloads/",
            "license": [
                "MIT"
            ],
            "authors": [
                {
                    "name": "Adam Wathan",
                    "email": "adam.wathan@gmail.com"
                }
            ],
            "time": "2019-08-22T13:44:02+00:00"
        },
        {
            "name": "psr/container",
            "version": "1.0.0",
            "source": {
                "type": "git",
                "url": "https://github.com/php-fig/container.git",
                "reference": "b7ce3b176482dbbc1245ebf52b181af44c2cf55f"
            },
            "dist": {
                "type": "zip",
                "url": "https://api.github.com/repos/php-fig/container/zipball/b7ce3b176482dbbc1245ebf52b181af44c2cf55f",
                "reference": "b7ce3b176482dbbc1245ebf52b181af44c2cf55f",
                "shasum": ""
            },
            "require": {
                "php": ">=5.3.0"
            },
            "type": "library",
            "extra": {
                "branch-alias": {
                    "dev-master": "1.0.x-dev"
                }
            },
            "autoload": {
                "psr-4": {
                    "Psr\\Container\\": "src/"
                }
            },
            "notification-url": "https://packagist.org/downloads/",
            "license": [
                "MIT"
            ],
            "authors": [
                {
                    "name": "PHP-FIG",
                    "homepage": "http://www.php-fig.org/"
                }
            ],
            "description": "Common Container Interface (PHP FIG PSR-11)",
            "homepage": "https://github.com/php-fig/container",
            "keywords": [
                "PSR-11",
                "container",
                "container-interface",
                "container-interop",
                "psr"
            ],
            "time": "2017-02-14T16:28:37+00:00"
        },
        {
            "name": "psr/log",
            "version": "1.1.0",
            "source": {
                "type": "git",
                "url": "https://github.com/php-fig/log.git",
                "reference": "6c001f1daafa3a3ac1d8ff69ee4db8e799a654dd"
            },
            "dist": {
                "type": "zip",
                "url": "https://api.github.com/repos/php-fig/log/zipball/6c001f1daafa3a3ac1d8ff69ee4db8e799a654dd",
                "reference": "6c001f1daafa3a3ac1d8ff69ee4db8e799a654dd",
                "shasum": ""
            },
            "require": {
                "php": ">=5.3.0"
            },
            "type": "library",
            "extra": {
                "branch-alias": {
                    "dev-master": "1.0.x-dev"
                }
            },
            "autoload": {
                "psr-4": {
                    "Psr\\Log\\": "Psr/Log/"
                }
            },
            "notification-url": "https://packagist.org/downloads/",
            "license": [
                "MIT"
            ],
            "authors": [
                {
                    "name": "PHP-FIG",
                    "homepage": "http://www.php-fig.org/"
                }
            ],
            "description": "Common interface for logging libraries",
            "homepage": "https://github.com/php-fig/log",
            "keywords": [
                "log",
                "psr",
                "psr-3"
            ],
            "time": "2018-11-20T15:27:04+00:00"
        },
        {
            "name": "psr/simple-cache",
            "version": "1.0.1",
            "source": {
                "type": "git",
                "url": "https://github.com/php-fig/simple-cache.git",
                "reference": "408d5eafb83c57f6365a3ca330ff23aa4a5fa39b"
            },
            "dist": {
                "type": "zip",
                "url": "https://api.github.com/repos/php-fig/simple-cache/zipball/408d5eafb83c57f6365a3ca330ff23aa4a5fa39b",
                "reference": "408d5eafb83c57f6365a3ca330ff23aa4a5fa39b",
                "shasum": ""
            },
            "require": {
                "php": ">=5.3.0"
            },
            "type": "library",
            "extra": {
                "branch-alias": {
                    "dev-master": "1.0.x-dev"
                }
            },
            "autoload": {
                "psr-4": {
                    "Psr\\SimpleCache\\": "src/"
                }
            },
            "notification-url": "https://packagist.org/downloads/",
            "license": [
                "MIT"
            ],
            "authors": [
                {
                    "name": "PHP-FIG",
                    "homepage": "http://www.php-fig.org/"
                }
            ],
            "description": "Common interfaces for simple caching",
            "keywords": [
                "cache",
                "caching",
                "psr",
                "psr-16",
                "simple-cache"
            ],
            "time": "2017-10-23T01:57:42+00:00"
        },
        {
            "name": "soberwp/controller",
            "version": "2.1.1",
            "source": {
                "type": "git",
                "url": "https://github.com/soberwp/controller.git",
                "reference": "76a4181e2ceb47232cb5fe0062512ce97b543bf5"
            },
            "dist": {
                "type": "zip",
                "url": "https://api.github.com/repos/soberwp/controller/zipball/76a4181e2ceb47232cb5fe0062512ce97b543bf5",
                "reference": "76a4181e2ceb47232cb5fe0062512ce97b543bf5",
                "shasum": ""
            },
            "require": {
                "brain/hierarchy": "^2.4.0",
                "composer/installers": "^1.0",
                "php": ">=5.6.0"
            },
            "require-dev": {
                "squizlabs/php_codesniffer": "^3.2"
            },
            "type": "package",
            "autoload": {
                "psr-4": {
                    "Sober\\Controller\\": "src/"
                },
                "files": [
                    "controller.php"
                ]
            },
            "notification-url": "https://packagist.org/downloads/",
            "license": [
                "MIT"
            ],
            "authors": [
                {
                    "name": "Darren Jacoby",
                    "email": "darren@jacoby.co.za",
                    "homepage": "https://github.com/darrenjacoby"
                }
            ],
            "description": "WordPress package to enable a basic controller when using Blade with Sage 9",
            "homepage": "https://github.com/soberwp",
            "keywords": [
                "wordpress"
            ],
            "time": "2018-12-11T14:02:52+00:00"
        },
        {
            "name": "spatie/laravel-blade-x",
            "version": "2.3.0",
            "source": {
                "type": "git",
                "url": "https://github.com/spatie/laravel-blade-x.git",
                "reference": "112ad46f216c339a4a049aaf9e3248e4043ef3bd"
            },
            "dist": {
                "type": "zip",
                "url": "https://api.github.com/repos/spatie/laravel-blade-x/zipball/112ad46f216c339a4a049aaf9e3248e4043ef3bd",
                "reference": "112ad46f216c339a4a049aaf9e3248e4043ef3bd",
                "shasum": ""
            },
            "require": {
                "illuminate/view": "~5.8.0|^6.0",
                "php": "^7.2"
            },
            "require-dev": {
                "orchestra/testbench": "~3.8.0|^4.0",
                "phpunit/phpunit": "^8.0",
                "spatie/phpunit-snapshot-assertions": "^2.1"
            },
            "type": "library",
            "extra": {
                "laravel": {
                    "providers": [
                        "Spatie\\BladeX\\BladeXServiceProvider"
                    ],
                    "aliases": {
                        "BladeX": "Spatie\\BladeX\\Facades\\BladeX"
                    }
                }
            },
            "autoload": {
                "psr-4": {
                    "Spatie\\BladeX\\": "src"
                }
            },
            "notification-url": "https://packagist.org/downloads/",
            "license": [
                "MIT"
            ],
            "authors": [
                {
                    "name": "Sebastian De Deyne",
                    "email": "sebastian@spatie.be",
                    "homepage": "https://spatie.be",
                    "role": "Developer"
                },
                {
                    "name": "Brent Roose",
                    "email": "brent@spatie.be",
                    "homepage": "https://spatie.be",
                    "role": "Developer"
                },
                {
                    "name": "Ruben Van Assche",
                    "email": "ruben@spatie.be",
                    "homepage": "https://spatie.be",
                    "role": "Developer"
                },
                {
                    "name": "Freek Van der Herten",
                    "email": "freek@spatie.be",
                    "homepage": "https://spatie.be",
                    "role": "Developer"
                },
                {
                    "name": "Alex Vanderbist",
                    "email": "alex@spatie.be",
                    "homepage": "https://spatie.be",
                    "role": "Developer"
                }
            ],
            "description": "Supercharged Blade components",
            "homepage": "https://github.com/spatie/laravel-blade-x",
            "keywords": [
                "blade",
                "components",
                "html",
                "laravel-blade-x",
                "spatie"
            ],
            "time": "2019-09-04T10:58:23+00:00"
        },
        {
            "name": "symfony/debug",
            "version": "v4.3.4",
            "source": {
                "type": "git",
                "url": "https://github.com/symfony/debug.git",
                "reference": "afcdea44a2e399c1e4b52246ec8d54c715393ced"
            },
            "dist": {
                "type": "zip",
                "url": "https://api.github.com/repos/symfony/debug/zipball/afcdea44a2e399c1e4b52246ec8d54c715393ced",
                "reference": "afcdea44a2e399c1e4b52246ec8d54c715393ced",
                "shasum": ""
            },
            "require": {
                "php": "^7.1.3",
                "psr/log": "~1.0"
            },
            "conflict": {
                "symfony/http-kernel": "<3.4"
            },
            "require-dev": {
                "symfony/http-kernel": "~3.4|~4.0"
            },
            "type": "library",
            "extra": {
                "branch-alias": {
                    "dev-master": "4.3-dev"
                }
            },
            "autoload": {
                "psr-4": {
                    "Symfony\\Component\\Debug\\": ""
                },
                "exclude-from-classmap": [
                    "/Tests/"
                ]
            },
            "notification-url": "https://packagist.org/downloads/",
            "license": [
                "MIT"
            ],
            "authors": [
                {
                    "name": "Fabien Potencier",
                    "email": "fabien@symfony.com"
                },
                {
                    "name": "Symfony Community",
                    "homepage": "https://symfony.com/contributors"
                }
            ],
            "description": "Symfony Debug Component",
            "homepage": "https://symfony.com",
            "time": "2019-08-20T14:27:59+00:00"
        },
        {
            "name": "symfony/finder",
            "version": "v4.3.4",
            "source": {
                "type": "git",
                "url": "https://github.com/symfony/finder.git",
                "reference": "86c1c929f0a4b24812e1eb109262fc3372c8e9f2"
            },
            "dist": {
                "type": "zip",
                "url": "https://api.github.com/repos/symfony/finder/zipball/86c1c929f0a4b24812e1eb109262fc3372c8e9f2",
                "reference": "86c1c929f0a4b24812e1eb109262fc3372c8e9f2",
                "shasum": ""
            },
            "require": {
                "php": "^7.1.3"
            },
            "type": "library",
            "extra": {
                "branch-alias": {
                    "dev-master": "4.3-dev"
                }
            },
            "autoload": {
                "psr-4": {
                    "Symfony\\Component\\Finder\\": ""
                },
                "exclude-from-classmap": [
                    "/Tests/"
                ]
            },
            "notification-url": "https://packagist.org/downloads/",
            "license": [
                "MIT"
            ],
            "authors": [
                {
                    "name": "Fabien Potencier",
                    "email": "fabien@symfony.com"
                },
                {
                    "name": "Symfony Community",
                    "homepage": "https://symfony.com/contributors"
                }
            ],
            "description": "Symfony Finder Component",
            "homepage": "https://symfony.com",
            "time": "2019-08-14T12:26:46+00:00"
        },
        {
            "name": "symfony/polyfill-mbstring",
            "version": "v1.12.0",
            "source": {
                "type": "git",
                "url": "https://github.com/symfony/polyfill-mbstring.git",
                "reference": "b42a2f66e8f1b15ccf25652c3424265923eb4f17"
            },
            "dist": {
                "type": "zip",
                "url": "https://api.github.com/repos/symfony/polyfill-mbstring/zipball/b42a2f66e8f1b15ccf25652c3424265923eb4f17",
                "reference": "b42a2f66e8f1b15ccf25652c3424265923eb4f17",
                "shasum": ""
            },
            "require": {
                "php": ">=5.3.3"
            },
            "suggest": {
                "ext-mbstring": "For best performance"
            },
            "type": "library",
            "extra": {
                "branch-alias": {
                    "dev-master": "1.12-dev"
                }
            },
            "autoload": {
                "psr-4": {
                    "Symfony\\Polyfill\\Mbstring\\": ""
                },
                "files": [
                    "bootstrap.php"
                ]
            },
            "notification-url": "https://packagist.org/downloads/",
            "license": [
                "MIT"
            ],
            "authors": [
                {
                    "name": "Nicolas Grekas",
                    "email": "p@tchwork.com"
                },
                {
                    "name": "Symfony Community",
                    "homepage": "https://symfony.com/contributors"
                }
            ],
            "description": "Symfony polyfill for the Mbstring extension",
            "homepage": "https://symfony.com",
            "keywords": [
                "compatibility",
                "mbstring",
                "polyfill",
                "portable",
                "shim"
            ],
            "time": "2019-08-06T08:03:45+00:00"
        },
        {
            "name": "symfony/translation",
            "version": "v4.3.4",
            "source": {
                "type": "git",
                "url": "https://github.com/symfony/translation.git",
                "reference": "28498169dd334095fa981827992f3a24d50fed0f"
            },
            "dist": {
                "type": "zip",
                "url": "https://api.github.com/repos/symfony/translation/zipball/28498169dd334095fa981827992f3a24d50fed0f",
                "reference": "28498169dd334095fa981827992f3a24d50fed0f",
                "shasum": ""
            },
            "require": {
                "php": "^7.1.3",
                "symfony/polyfill-mbstring": "~1.0",
                "symfony/translation-contracts": "^1.1.6"
            },
            "conflict": {
                "symfony/config": "<3.4",
                "symfony/dependency-injection": "<3.4",
                "symfony/yaml": "<3.4"
            },
            "provide": {
                "symfony/translation-implementation": "1.0"
            },
            "require-dev": {
                "psr/log": "~1.0",
                "symfony/config": "~3.4|~4.0",
                "symfony/console": "~3.4|~4.0",
                "symfony/dependency-injection": "~3.4|~4.0",
                "symfony/finder": "~2.8|~3.0|~4.0",
                "symfony/http-kernel": "~3.4|~4.0",
                "symfony/intl": "~3.4|~4.0",
                "symfony/service-contracts": "^1.1.2",
                "symfony/var-dumper": "~3.4|~4.0",
                "symfony/yaml": "~3.4|~4.0"
            },
            "suggest": {
                "psr/log-implementation": "To use logging capability in translator",
                "symfony/config": "",
                "symfony/yaml": ""
            },
            "type": "library",
            "extra": {
                "branch-alias": {
                    "dev-master": "4.3-dev"
                }
            },
            "autoload": {
                "psr-4": {
                    "Symfony\\Component\\Translation\\": ""
                },
                "exclude-from-classmap": [
                    "/Tests/"
                ]
            },
            "notification-url": "https://packagist.org/downloads/",
            "license": [
                "MIT"
            ],
            "authors": [
                {
                    "name": "Fabien Potencier",
                    "email": "fabien@symfony.com"
                },
                {
                    "name": "Symfony Community",
                    "homepage": "https://symfony.com/contributors"
                }
            ],
            "description": "Symfony Translation Component",
            "homepage": "https://symfony.com",
            "time": "2019-08-26T08:55:16+00:00"
        },
        {
            "name": "symfony/translation-contracts",
            "version": "v1.1.6",
            "source": {
                "type": "git",
                "url": "https://github.com/symfony/translation-contracts.git",
                "reference": "325b17c24f3ee23cbecfa63ba809c6d89b5fa04a"
            },
            "dist": {
                "type": "zip",
                "url": "https://api.github.com/repos/symfony/translation-contracts/zipball/325b17c24f3ee23cbecfa63ba809c6d89b5fa04a",
                "reference": "325b17c24f3ee23cbecfa63ba809c6d89b5fa04a",
                "shasum": ""
            },
            "require": {
                "php": "^7.1.3"
            },
            "suggest": {
                "symfony/translation-implementation": ""
            },
            "type": "library",
            "extra": {
                "branch-alias": {
                    "dev-master": "1.1-dev"
                }
            },
            "autoload": {
                "psr-4": {
                    "Symfony\\Contracts\\Translation\\": ""
                }
            },
            "notification-url": "https://packagist.org/downloads/",
            "license": [
                "MIT"
            ],
            "authors": [
                {
                    "name": "Nicolas Grekas",
                    "email": "p@tchwork.com"
                },
                {
                    "name": "Symfony Community",
                    "homepage": "https://symfony.com/contributors"
                }
            ],
            "description": "Generic abstractions related to translation",
            "homepage": "https://symfony.com",
            "keywords": [
                "abstractions",
                "contracts",
                "decoupling",
                "interfaces",
                "interoperability",
                "standards"
            ],
            "time": "2019-08-02T12:15:04+00:00"
        }
    ],
    "packages-dev": [],
    "aliases": [],
    "minimum-stability": "stable",
    "stability-flags": {
        "marcwiest/primera-package": 20
    },
    "prefer-stable": false,
    "prefer-lowest": false,
    "platform": {
        "php": "^7.2"
    },
    "platform-dev": []
}
